// !$*UTF8*$!
{
	archiveVersion = 1;
	classes = {
	};
	objectVersion = 56;
	objects = {

/* Begin PBXBuildFile section */
		AA11BB22CC33DD4400000040 /* NudgeApp.swift in Sources */ = {isa = PBXBuildFile; fileRef = AA11BB22CC33DD4400000020 /* NudgeApp.swift */; };
		AA11BB22CC33DD4400000041 /* Models.swift in Sources */ = {isa = PBXBuildFile; fileRef = AA11BB22CC33DD4400000021 /* Models.swift */; };
		AA11BB22CC33DD4400000042 /* DesignSystem.swift in Sources */ = {isa = PBXBuildFile; fileRef = AA11BB22CC33DD4400000022 /* DesignSystem.swift */; };
		AA11BB22CC33DD4400000043 /* AdaptiveEngine.swift in Sources */ = {isa = PBXBuildFile; fileRef = AA11BB22CC33DD4400000023 /* AdaptiveEngine.swift */; };
		AA11BB22CC33DD4400000044 /* TextAnalyzer.swift in Sources */ = {isa = PBXBuildFile; fileRef = AA11BB22CC33DD4400000024 /* TextAnalyzer.swift */; };
		AA11BB22CC33DD4400000045 /* NotificationScheduler.swift in Sources */ = {isa = PBXBuildFile; fileRef = AA11BB22CC33DD4400000025 /* NotificationScheduler.swift */; };
		AA11BB22CC33DD4400000046 /* Store.swift in Sources */ = {isa = PBXBuildFile; fileRef = AA11BB22CC33DD4400000026 /* Store.swift */; };
		AA11BB22CC33DD4400000047 /* ContentView.swift in Sources */ = {isa = PBXBuildFile; fileRef = AA11BB22CC33DD4400000027 /* ContentView.swift */; };
		AA11BB22CC33DD4400000048 /* SplashView.swift in Sources */ = {isa = PBXBuildFile; fileRef = AA11BB22CC33DD4400000028 /* SplashView.swift */; };
		AA11BB22CC33DD4400000049 /* OnboardingView.swift in Sources */ = {isa = PBXBuildFile; fileRef = AA11BB22CC33DD4400000029 /* OnboardingView.swift */; };
		AA11BB22CC33DD440000004A /* AddReminderView.swift in Sources */ = {isa = PBXBuildFile; fileRef = AA11BB22CC33DD440000002A /* AddReminderView.swift */; };
		AA11BB22CC33DD440000004B /* SettingsView.swift in Sources */ = {isa = PBXBuildFile; fileRef = AA11BB22CC33DD440000002B /* SettingsView.swift */; };
		AA11BB22CC33DD440000004C /* ReminderKindsView.swift in Sources */ = {isa = PBXBuildFile; fileRef = AA11BB22CC33DD440000002C /* ReminderKindsView.swift */; };
		AA11BB22CC33DD440000004D /* BehaviorViews.swift in Sources */ = {isa = PBXBuildFile; fileRef = AA11BB22CC33DD440000002D /* BehaviorViews.swift */; };
		AA11BB22CC33DD440000004E /* BehaviorAnalytics.swift in Sources */ = {isa = PBXBuildFile; fileRef = AA11BB22CC33DD440000002E /* BehaviorAnalytics.swift */; };
		AA11BB22CC33DD440000004F /* ReminderInputValidator.swift in Sources */ = {isa = PBXBuildFile; fileRef = AA11BB22CC33DD440000002F /* ReminderInputValidator.swift */; };
		AA11BB22CC33DD4400000050 /* IntelligentSchedulingEngine.swift in Sources */ = {isa = PBXBuildFile; fileRef = AA11BB22CC33DD4400000030 /* IntelligentSchedulingEngine.swift */; };
		AA11BB22CC33DD4400000051 /* TriggerEngine.swift in Sources */ = {isa = PBXBuildFile; fileRef = AA11BB22CC33DD4400000031 /* TriggerEngine.swift */; };
		AA11BB22CC33DD4400000052 /* ReminderEngineTests.swift in Sources */ = {isa = PBXBuildFile; fileRef = AA11BB22CC33DD4400000032 /* ReminderEngineTests.swift */; };
		AA11BB22CC33DD4400000053 /* DebugLog.swift in Sources */ = {isa = PBXBuildFile; fileRef = AA11BB22CC33DD4400000033 /* DebugLog.swift */; };
		AA11BB22CC33DD4400000054 /* IOSDeviceContextAdapter.swift in Sources */ = {isa = PBXBuildFile; fileRef = AA11BB22CC33DD4400000034 /* IOSDeviceContextAdapter.swift */; };
		AA11BB22CC33DD4400000055 /* IOSLocationTriggerAdapter.swift in Sources */ = {isa = PBXBuildFile; fileRef = AA11BB22CC33DD4400000035 /* IOSLocationTriggerAdapter.swift */; };
		AA11BB22CC33DD4400000061 /* Assets.xcassets in Resources */ = {isa = PBXBuildFile; fileRef = AA11BB22CC33DD4400000060 /* Assets.xcassets */; };
/* End PBXBuildFile section */

/* Begin PBXContainerItemProxy section */
		AA11BB22CC33DD4400000090 /* PBXContainerItemProxy */ = {
			isa = PBXContainerItemProxy;
			containerPortal = AA11BB22CC33DD4400000001 /* Project object */;
			proxyType = 1;
			remoteGlobalIDString = AA11BB22CC33DD4400000003;
			remoteInfo = NudgeApp;
		};
/* End PBXContainerItemProxy section */

/* Begin PBXFileReference section */
		AA11BB22CC33DD4400000011 /* NudgeApp.app */ = {isa = PBXFileReference; explicitFileType = wrapper.application; includeInIndex = 0; path = NudgeApp.app; sourceTree = BUILT_PRODUCTS_DIR; };
		AA11BB22CC33DD4400000012 /* NudgeAppTests.xctest */ = {isa = PBXFileReference; explicitFileType = wrapper.cfbundle; includeInIndex = 0; path = NudgeAppTests.xctest; sourceTree = BUILT_PRODUCTS_DIR; };
		AA11BB22CC33DD4400000020 /* NudgeApp.swift */ = {isa = PBXFileReference; lastKnownFileType = sourcecode.swift; path = NudgeApp.swift; sourceTree = "<group>"; };
		AA11BB22CC33DD4400000021 /* Models.swift */ = {isa = PBXFileReference; lastKnownFileType = sourcecode.swift; path = Models.swift; sourceTree = "<group>"; };
		AA11BB22CC33DD4400000022 /* DesignSystem.swift */ = {isa = PBXFileReference; lastKnownFileType = sourcecode.swift; path = DesignSystem.swift; sourceTree = "<group>"; };
		AA11BB22CC33DD4400000023 /* AdaptiveEngine.swift */ = {isa = PBXFileReference; lastKnownFileType = sourcecode.swift; path = AdaptiveEngine.swift; sourceTree = "<group>"; };
		AA11BB22CC33DD4400000024 /* TextAnalyzer.swift */ = {isa = PBXFileReference; lastKnownFileType = sourcecode.swift; path = TextAnalyzer.swift; sourceTree = "<group>"; };
		AA11BB22CC33DD4400000025 /* NotificationScheduler.swift */ = {isa = PBXFileReference; lastKnownFileType = sourcecode.swift; path = NotificationScheduler.swift; sourceTree = "<group>"; };
		AA11BB22CC33DD4400000026 /* Store.swift */ = {isa = PBXFileReference; lastKnownFileType = sourcecode.swift; path = Store.swift; sourceTree = "<group>"; };
		AA11BB22CC33DD4400000027 /* ContentView.swift */ = {isa = PBXFileReference; lastKnownFileType = sourcecode.swift; path = ContentView.swift; sourceTree = "<group>"; };
		AA11BB22CC33DD4400000028 /* SplashView.swift */ = {isa = PBXFileReference; lastKnownFileType = sourcecode.swift; path = SplashView.swift; sourceTree = "<group>"; };
		AA11BB22CC33DD4400000029 /* OnboardingView.swift */ = {isa = PBXFileReference; lastKnownFileType = sourcecode.swift; path = OnboardingView.swift; sourceTree = "<group>"; };
		AA11BB22CC33DD440000002A /* AddReminderView.swift */ = {isa = PBXFileReference; lastKnownFileType = sourcecode.swift; path = AddReminderView.swift; sourceTree = "<group>"; };
		AA11BB22CC33DD440000002B /* SettingsView.swift */ = {isa = PBXFileReference; lastKnownFileType = sourcecode.swift; path = SettingsView.swift; sourceTree = "<group>"; };
		AA11BB22CC33DD440000002C /* ReminderKindsView.swift */ = {isa = PBXFileReference; lastKnownFileType = sourcecode.swift; path = ReminderKindsView.swift; sourceTree = "<group>"; };
		AA11BB22CC33DD440000002D /* BehaviorViews.swift */ = {isa = PBXFileReference; lastKnownFileType = sourcecode.swift; path = BehaviorViews.swift; sourceTree = "<group>"; };
		AA11BB22CC33DD440000002E /* BehaviorAnalytics.swift */ = {isa = PBXFileReference; lastKnownFileType = sourcecode.swift; path = BehaviorAnalytics.swift; sourceTree = "<group>"; };
		AA11BB22CC33DD440000002F /* ReminderInputValidator.swift */ = {isa = PBXFileReference; lastKnownFileType = sourcecode.swift; path = ReminderInputValidator.swift; sourceTree = "<group>"; };
		AA11BB22CC33DD4400000030 /* IntelligentSchedulingEngine.swift */ = {isa = PBXFileReference; lastKnownFileType = sourcecode.swift; path = IntelligentSchedulingEngine.swift; sourceTree = "<group>"; };
		AA11BB22CC33DD4400000031 /* TriggerEngine.swift */ = {isa = PBXFileReference; lastKnownFileType = sourcecode.swift; path = TriggerEngine.swift; sourceTree = "<group>"; };
		AA11BB22CC33DD4400000032 /* ReminderEngineTests.swift */ = {isa = PBXFileReference; lastKnownFileType = sourcecode.swift; path = ReminderEngineTests.swift; sourceTree = "<group>"; };
		AA11BB22CC33DD4400000033 /* DebugLog.swift */ = {isa = PBXFileReference; lastKnownFileType = sourcecode.swift; path = DebugLog.swift; sourceTree = "<group>"; };
		AA11BB22CC33DD4400000034 /* IOSDeviceContextAdapter.swift */ = {isa = PBXFileReference; lastKnownFileType = sourcecode.swift; path = IOSDeviceContextAdapter.swift; sourceTree = "<group>"; };
		AA11BB22CC33DD4400000035 /* IOSLocationTriggerAdapter.swift */ = {isa = PBXFileReference; lastKnownFileType = sourcecode.swift; path = IOSLocationTriggerAdapter.swift; sourceTree = "<group>"; };
		AA11BB22CC33DD4400000060 /* Assets.xcassets */ = {isa = PBXFileReference; lastKnownFileType = folder.assetcatalog; path = Assets.xcassets; sourceTree = "<group>"; };
		AA11BB22CC33DD4400000070 /* Info.plist */ = {isa = PBXFileReference; lastKnownFileType = text.plist.xml; path = Info.plist; sourceTree = "<group>"; };
/* End PBXFileReference section */

/* Begin PBXFrameworksBuildPhase section */
		AA11BB22CC33DD4400000007 /* Frameworks */ = {
			isa = PBXFrameworksBuildPhase;
			buildActionMask = 2147483647;
			files = (
			);
			runOnlyForDeploymentPostprocessing = 0;
		};
		AA11BB22CC33DD4400000094 /* Frameworks */ = {
			isa = PBXFrameworksBuildPhase;
			buildActionMask = 2147483647;
			files = (
			);
			runOnlyForDeploymentPostprocessing = 0;
		};
/* End PBXFrameworksBuildPhase section */

/* Begin PBXGroup section */
		AA11BB22CC33DD4400000008 = {
			isa = PBXGroup;
			children = (
				AA11BB22CC33DD4400000010 /* NudgeApp */,
				AA11BB22CC33DD4400000013 /* NudgeAppTests */,
				AA11BB22CC33DD4400000009 /* Products */,
			);
			sourceTree = "<group>";
		};
		AA11BB22CC33DD4400000009 /* Products */ = {
			isa = PBXGroup;
			children = (
				AA11BB22CC33DD4400000011 /* NudgeApp.app */,
				AA11BB22CC33DD4400000012 /* NudgeAppTests.xctest */,
			);
			name = Products;
			sourceTree = "<group>";
		};
		AA11BB22CC33DD4400000010 /* NudgeApp */ = {
			isa = PBXGroup;
			children = (
				AA11BB22CC33DD4400000020 /* NudgeApp.swift */,
				AA11BB22CC33DD4400000021 /* Models.swift */,
				AA11BB22CC33DD4400000022 /* DesignSystem.swift */,
				AA11BB22CC33DD4400000023 /* AdaptiveEngine.swift */,
				AA11BB22CC33DD4400000024 /* TextAnalyzer.swift */,
				AA11BB22CC33DD4400000025 /* NotificationScheduler.swift */,
				AA11BB22CC33DD4400000026 /* Store.swift */,
				AA11BB22CC33DD4400000027 /* ContentView.swift */,
				AA11BB22CC33DD4400000028 /* SplashView.swift */,
				AA11BB22CC33DD4400000029 /* OnboardingView.swift */,
				AA11BB22CC33DD440000002A /* AddReminderView.swift */,
				AA11BB22CC33DD440000002B /* SettingsView.swift */,
				AA11BB22CC33DD440000002C /* ReminderKindsView.swift */,
				AA11BB22CC33DD440000002D /* BehaviorViews.swift */,
				AA11BB22CC33DD440000002E /* BehaviorAnalytics.swift */,
				AA11BB22CC33DD440000002F /* ReminderInputValidator.swift */,
				AA11BB22CC33DD4400000030 /* IntelligentSchedulingEngine.swift */,
				AA11BB22CC33DD4400000031 /* TriggerEngine.swift */,
				AA11BB22CC33DD4400000033 /* DebugLog.swift */,
				AA11BB22CC33DD4400000034 /* IOSDeviceContextAdapter.swift */,
				AA11BB22CC33DD4400000035 /* IOSLocationTriggerAdapter.swift */,
				AA11BB22CC33DD4400000060 /* Assets.xcassets */,
				AA11BB22CC33DD4400000070 /* Info.plist */,
			);
			path = NudgeApp;
			sourceTree = "<group>";
		};
		AA11BB22CC33DD4400000013 /* NudgeAppTests */ = {
			isa = PBXGroup;
			children = (
				AA11BB22CC33DD4400000032 /* ReminderEngineTests.swift */,
			);
			path = NudgeAppTests;
			sourceTree = "<group>";
		};
/* End PBXGroup section */

/* Begin PBXNativeTarget section */
		AA11BB22CC33DD4400000003 /* NudgeApp */ = {
			isa = PBXNativeTarget;
			buildConfigurationList = AA11BB22CC33DD4400000004 /* Build configuration list for PBXNativeTarget "NudgeApp" */;
			buildPhases = (
				AA11BB22CC33DD4400000005 /* Sources */,
				AA11BB22CC33DD4400000007 /* Frameworks */,
				AA11BB22CC33DD4400000006 /* Resources */,
			);
			buildRules = (
			);
			dependencies = (
			);
			name = NudgeApp;
			productName = NudgeApp;
			productReference = AA11BB22CC33DD4400000011 /* NudgeApp.app */;
			productType = "com.apple.product-type.application";
		};
		AA11BB22CC33DD4400000091 /* NudgeAppTests */ = {
			isa = PBXNativeTarget;
			buildConfigurationList = AA11BB22CC33DD4400000097 /* Build configuration list for PBXNativeTarget "NudgeAppTests" */;
			buildPhases = (
				AA11BB22CC33DD4400000092 /* Sources */,
				AA11BB22CC33DD4400000094 /* Frameworks */,
				AA11BB22CC33DD4400000095 /* Resources */,
			);
			buildRules = (
			);
			dependencies = (
				AA11BB22CC33DD4400000096 /* PBXTargetDependency */,
			);
			name = NudgeAppTests;
			productName = NudgeAppTests;
			productReference = AA11BB22CC33DD4400000012 /* NudgeAppTests.xctest */;
			productType = "com.apple.product-type.bundle.unit-test";
		};
/* End PBXNativeTarget section */

/* Begin PBXProject section */
		AA11BB22CC33DD4400000001 /* Project object */ = {
			isa = PBXProject;
			attributes = {
				BuildIndependentTargetsInParallel = 1;
				LastSwiftUpdateCheck = 1530;
				LastUpgradeCheck = 1530;
				TargetAttributes = {
					AA11BB22CC33DD4400000003 = {
						CreatedOnToolsVersion = 15.3;
					};
					AA11BB22CC33DD4400000091 = {
						CreatedOnToolsVersion = 15.3;
						TestTargetID = AA11BB22CC33DD4400000003;
					};
				};
			};
			buildConfigurationList = AA11BB22CC33DD4400000002 /* Build configuration list for PBXProject "NudgeApp" */;
			compatibilityVersion = "Xcode 14.0";
			developmentRegion = en;
			hasScannedForEncodings = 0;
			knownRegions = (
				en,
				Base,
			);
			mainGroup = AA11BB22CC33DD4400000008;
			productRefGroup = AA11BB22CC33DD4400000009 /* Products */;
			projectDirPath = "";
			projectRoot = "";
			targets = (
				AA11BB22CC33DD4400000003 /* NudgeApp */,
				AA11BB22CC33DD4400000091 /* NudgeAppTests */,
			);
		};
/* End PBXProject section */

/* Begin PBXResourcesBuildPhase section */
		AA11BB22CC33DD4400000006 /* Resources */ = {
			isa = PBXResourcesBuildPhase;
			buildActionMask = 2147483647;
			files = (
				AA11BB22CC33DD4400000061 /* Assets.xcassets in Resources */,
			);
			runOnlyForDeploymentPostprocessing = 0;
		};
		AA11BB22CC33DD4400000095 /* Resources */ = {
			isa = PBXResourcesBuildPhase;
			buildActionMask = 2147483647;
			files = (
			);
			runOnlyForDeploymentPostprocessing = 0;
		};
/* End PBXResourcesBuildPhase section */

/* Begin PBXSourcesBuildPhase section */
		AA11BB22CC33DD4400000005 /* Sources */ = {
			isa = PBXSourcesBuildPhase;
			buildActionMask = 2147483647;
			files = (
				AA11BB22CC33DD4400000040 /* NudgeApp.swift in Sources */,
				AA11BB22CC33DD4400000041 /* Models.swift in Sources */,
				AA11BB22CC33DD4400000042 /* DesignSystem.swift in Sources */,
				AA11BB22CC33DD4400000043 /* AdaptiveEngine.swift in Sources */,
				AA11BB22CC33DD4400000044 /* TextAnalyzer.swift in Sources */,
				AA11BB22CC33DD4400000045 /* NotificationScheduler.swift in Sources */,
				AA11BB22CC33DD4400000046 /* Store.swift in Sources */,
				AA11BB22CC33DD4400000047 /* ContentView.swift in Sources */,
				AA11BB22CC33DD4400000048 /* SplashView.swift in Sources */,
				AA11BB22CC33DD4400000049 /* OnboardingView.swift in Sources */,
				AA11BB22CC33DD440000004A /* AddReminderView.swift in Sources */,
				AA11BB22CC33DD440000004B /* SettingsView.swift in Sources */,
				AA11BB22CC33DD440000004C /* ReminderKindsView.swift in Sources */,
				AA11BB22CC33DD440000004D /* BehaviorViews.swift in Sources */,
				AA11BB22CC33DD440000004E /* BehaviorAnalytics.swift in Sources */,
				AA11BB22CC33DD440000004F /* ReminderInputValidator.swift in Sources */,
				AA11BB22CC33DD4400000050 /* IntelligentSchedulingEngine.swift in Sources */,
				AA11BB22CC33DD4400000051 /* TriggerEngine.swift in Sources */,
				AA11BB22CC33DD4400000053 /* DebugLog.swift in Sources */,
				AA11BB22CC33DD4400000054 /* IOSDeviceContextAdapter.swift in Sources */,
				AA11BB22CC33DD4400000055 /* IOSLocationTriggerAdapter.swift in Sources */,
			);
			runOnlyForDeploymentPostprocessing = 0;
		};
		AA11BB22CC33DD4400000092 /* Sources */ = {
			isa = PBXSourcesBuildPhase;
			buildActionMask = 2147483647;
			files = (
				AA11BB22CC33DD4400000052 /* ReminderEngineTests.swift in Sources */,
			);
			runOnlyForDeploymentPostprocessing = 0;
		};
/* End PBXSourcesBuildPhase section */

/* Begin PBXTargetDependency section */
		AA11BB22CC33DD4400000096 /* PBXTargetDependency */ = {
			isa = PBXTargetDependency;
			target = AA11BB22CC33DD4400000003 /* NudgeApp */;
			targetProxy = AA11BB22CC33DD4400000090 /* PBXContainerItemProxy */;
		};
/* End PBXTargetDependency section */

/* Begin XCBuildConfiguration section */
		AA11BB22CC33DD4400000011A /* Debug */ = {
			isa = XCBuildConfiguration;
			buildSettings = {
				ASSETCATALOG_COMPILER_APPICON_NAME = AppIcon;
				ASSETCATALOG_COMPILER_GLOBAL_ACCENT_COLOR_NAME = AccentColor;
				CODE_SIGN_STYLE = Automatic;
				CURRENT_PROJECT_VERSION = 1;
				DEBUG_INFORMATION_FORMAT = dwarf;
				DEVELOPMENT_TEAM = G2FJ8944LT;
				ENABLE_TESTABILITY = YES;
				GENERATE_INFOPLIST_FILE = NO;
				INFOPLIST_FILE = NudgeApp/Info.plist;
				IPHONEOS_DEPLOYMENT_TARGET = 17.0;
				LD_RUNPATH_SEARCH_PATHS = (
					"$(inherited)",
					"@executable_path/Frameworks",
				);
				MARKETING_VERSION = 1.0;
				MTL_ENABLE_DEBUG_INFO = INCLUDE_SOURCE;
				ONLY_ACTIVE_ARCH = YES;
				PRODUCT_BUNDLE_IDENTIFIER = com.gentlereminders.nudge;
				PRODUCT_NAME = "$(TARGET_NAME)";
				SWIFT_ACTIVE_COMPILATION_CONDITIONS = DEBUG;
				SWIFT_EMIT_LOC_STRINGS = YES;
				SWIFT_OPTIMIZATION_LEVEL = "-Onone";
				SWIFT_VERSION = 5.0;
				TARGETED_DEVICE_FAMILY = 1;
			};
			name = Debug;
		};
		AA11BB22CC33DD4400000012A /* Release */ = {
			isa = XCBuildConfiguration;
			buildSettings = {
				ASSETCATALOG_COMPILER_APPICON_NAME = AppIcon;
				ASSETCATALOG_COMPILER_GLOBAL_ACCENT_COLOR_NAME = AccentColor;
				CODE_SIGN_STYLE = Automatic;
				COPY_PHASE_STRIP = NO;
				CURRENT_PROJECT_VERSION = 1;
				DEBUG_INFORMATION_FORMAT = "dwarf-with-dsym";
				DEVELOPMENT_TEAM = G2FJ8944LT;
				ENABLE_NS_ASSERTIONS = NO;
				GENERATE_INFOPLIST_FILE = NO;
				INFOPLIST_FILE = NudgeApp/Info.plist;
				IPHONEOS_DEPLOYMENT_TARGET = 17.0;
				LD_RUNPATH_SEARCH_PATHS = (
					"$(inherited)",
					"@executable_path/Frameworks",
				);
				MARKETING_VERSION = 1.0;
				MTL_ENABLE_DEBUG_INFO = NO;
				PRODUCT_BUNDLE_IDENTIFIER = com.gentlereminders.nudge;
				PRODUCT_NAME = "$(TARGET_NAME)";
				SWIFT_EMIT_LOC_STRINGS = YES;
				SWIFT_OPTIMIZATION_LEVEL = "-Owholemodule";
				SWIFT_VERSION = 5.0;
				TARGETED_DEVICE_FAMILY = 1;
				VALIDATE_PRODUCT = YES;
			};
			name = Release;
		};
		AA11BB22CC33DD4400000013A /* Debug */ = {
			isa = XCBuildConfiguration;
			buildSettings = {
				ALWAYS_SEARCH_USER_PATHS = NO;
				CLANG_ANALYZER_NONNULL = YES;
				CLANG_ANALYZER_NUMBER_OBJECT_CONVERSION = YES_AGGRESSIVE;
				CLANG_CXX_LANGUAGE_STANDARD = "gnu++20";
				CLANG_ENABLE_MODULES = YES;
				CLANG_ENABLE_OBJC_ARC = YES;
				CLANG_ENABLE_OBJC_WEAK = YES;
				CLANG_WARN_BLOCK_CAPTURE_AUTORELEASING = YES;
				CLANG_WARN_BOOL_CONVERSION = YES;
				CLANG_WARN_COMMA = YES;
				CLANG_WARN_CONSTANT_CONVERSION = YES;
				CLANG_WARN_DEPRECATED_OBJC_IMPLEMENTATIONS = YES;
				CLANG_WARN_DIRECT_OBJC_ISA_USAGE = YES_ERROR;
				CLANG_WARN_DOCUMENTATION_COMMENTS = YES;
				CLANG_WARN_EMPTY_BODY = YES;
				CLANG_WARN_ENUM_CONVERSION = YES;
				CLANG_WARN_INFINITE_RECURSION = YES;
				CLANG_WARN_INT_CONVERSION = YES;
				CLANG_WARN_NON_LITERAL_NULL_CONVERSION = YES;
				CLANG_WARN_OBJC_IMPLICIT_RETAIN_SELF = YES;
				CLANG_WARN_OBJC_LITERAL_CONVERSION = YES;
				CLANG_WARN_OBJC_ROOT_CLASS = YES_ERROR;
				CLANG_WARN_QUOTED_INCLUDE_IN_FRAMEWORK_HEADER = YES;
				CLANG_WARN_RANGE_LOOP_ANALYSIS = YES;
				CLANG_WARN_STRICT_PROTOTYPES = YES;
				CLANG_WARN_SUSPICIOUS_MOVE = YES;
				CLANG_WARN_UNGUARDED_AVAILABILITY = YES_AGGRESSIVE;
				CLANG_WARN_UNREACHABLE_CODE = YES;
				CLANG_WARN__DUPLICATE_METHOD_MATCH = YES;
				COPY_PHASE_STRIP = NO;
				DEBUG_INFORMATION_FORMAT = dwarf;
				ENABLE_STRICT_OBJC_MSGSEND = YES;
				ENABLE_TESTABILITY = YES;
				GCC_C_LANGUAGE_STANDARD = gnu17;
				GCC_DYNAMIC_NO_PIC = NO;
				GCC_NO_COMMON_BLOCKS = YES;
				GCC_OPTIMIZATION_LEVEL = 0;
				GCC_PREPROCESSOR_DEFINITIONS = (
					"DEBUG=1",
					"$(inherited)",
				);
				GCC_WARN_64_TO_32_BIT_CONVERSION = YES;
				GCC_WARN_ABOUT_RETURN_TYPE = YES_ERROR;
				GCC_WARN_UNDECLARED_SELECTOR = YES;
				GCC_WARN_UNINITIALIZED_AUTOS = YES_AGGRESSIVE;
				GCC_WARN_UNUSED_FUNCTION = YES;
				GCC_WARN_UNUSED_VARIABLE = YES;
				IPHONEOS_DEPLOYMENT_TARGET = 17.0;
				MTL_ENABLE_DEBUG_INFO = INCLUDE_SOURCE;
				MTL_FAST_MATH = YES;
				ONLY_ACTIVE_ARCH = YES;
				SDKROOT = iphoneos;
				SWIFT_ACTIVE_COMPILATION_CONDITIONS = DEBUG;
				SWIFT_OPTIMIZATION_LEVEL = "-Onone";
			};
			name = Debug;
		};
		AA11BB22CC33DD4400000014A /* Release */ = {
			isa = XCBuildConfiguration;
			buildSettings = {
				ALWAYS_SEARCH_USER_PATHS = NO;
				CLANG_ANALYZER_NONNULL = YES;
				CLANG_ANALYZER_NUMBER_OBJECT_CONVERSION = YES_AGGRESSIVE;
				CLANG_CXX_LANGUAGE_STANDARD = "gnu++20";
				CLANG_ENABLE_MODULES = YES;
				CLANG_ENABLE_OBJC_ARC = YES;
				CLANG_ENABLE_OBJC_WEAK = YES;
				CLANG_WARN_BLOCK_CAPTURE_AUTORELEASING = YES;
				CLANG_WARN_BOOL_CONVERSION = YES;
				CLANG_WARN_COMMA = YES;
				CLANG_WARN_CONSTANT_CONVERSION = YES;
				CLANG_WARN_DEPRECATED_OBJC_IMPLEMENTATIONS = YES;
				CLANG_WARN_DIRECT_OBJC_ISA_USAGE = YES_ERROR;
				CLANG_WARN_DOCUMENTATION_COMMENTS = YES;
				CLANG_WARN_EMPTY_BODY = YES;
				CLANG_WARN_ENUM_CONVERSION = YES;
				CLANG_WARN_INFINITE_RECURSION = YES;
				CLANG_WARN_INT_CONVERSION = YES;
				CLANG_WARN_NON_LITERAL_NULL_CONVERSION = YES;
				CLANG_WARN_OBJC_IMPLICIT_RETAIN_SELF = YES;
				CLANG_WARN_OBJC_LITERAL_CONVERSION = YES;
				CLANG_WARN_OBJC_ROOT_CLASS = YES_ERROR;
				CLANG_WARN_QUOTED_INCLUDE_IN_FRAMEWORK_HEADER = YES;
				CLANG_WARN_RANGE_LOOP_ANALYSIS = YES;
				CLANG_WARN_STRICT_PROTOTYPES = YES;
				CLANG_WARN_SUSPICIOUS_MOVE = YES;
				CLANG_WARN_UNGUARDED_AVAILABILITY = YES_AGGRESSIVE;
				CLANG_WARN_UNREACHABLE_CODE = YES;
				CLANG_WARN__DUPLICATE_METHOD_MATCH = YES;
				COPY_PHASE_STRIP = NO;
				DEBUG_INFORMATION_FORMAT = "dwarf-with-dsym";
				ENABLE_NS_ASSERTIONS = NO;
				ENABLE_STRICT_OBJC_MSGSEND = YES;
				GCC_C_LANGUAGE_STANDARD = gnu17;
				GCC_NO_COMMON_BLOCKS = YES;
				GCC_WARN_64_TO_32_BIT_CONVERSION = YES;
				GCC_WARN_ABOUT_RETURN_TYPE = YES_ERROR;
				GCC_WARN_UNDECLARED_SELECTOR = YES;
				GCC_WARN_UNINITIALIZED_AUTOS = YES_AGGRESSIVE;
				GCC_WARN_UNUSED_FUNCTION = YES;
				GCC_WARN_UNUSED_VARIABLE = YES;
				IPHONEOS_DEPLOYMENT_TARGET = 17.0;
				MTL_FAST_MATH = YES;
				SDKROOT = iphoneos;
				SWIFT_COMPILATION_MODE = wholemodule;
				SWIFT_OPTIMIZATION_LEVEL = "-O";
				VALIDATE_PRODUCT = YES;
			};
			name = Release;
		};
		AA11BB22CC33DD4400000098 /* Debug */ = {
			isa = XCBuildConfiguration;
			buildSettings = {
				BUNDLE_LOADER = "$(TEST_HOST)";
				CODE_SIGN_STYLE = Automatic;
				DEVELOPMENT_TEAM = G2FJ8944LT;
				GENERATE_INFOPLIST_FILE = YES;
				IPHONEOS_DEPLOYMENT_TARGET = 17.0;
				PRODUCT_BUNDLE_IDENTIFIER = com.gentlereminders.nudge.tests;
				PRODUCT_NAME = "$(TARGET_NAME)";
				SWIFT_VERSION = 5.0;
				TARGETED_DEVICE_FAMILY = 1;
				TEST_HOST = "$(BUILT_PRODUCTS_DIR)/NudgeApp.app/$(BUNDLE_EXECUTABLE_FOLDER_PATH)/NudgeApp";
			};
			name = Debug;
		};
		AA11BB22CC33DD4400000099 /* Release */ = {
			isa = XCBuildConfiguration;
			buildSettings = {
				BUNDLE_LOADER = "$(TEST_HOST)";
				CODE_SIGN_STYLE = Automatic;
				DEVELOPMENT_TEAM = G2FJ8944LT;
				GENERATE_INFOPLIST_FILE = YES;
				IPHONEOS_DEPLOYMENT_TARGET = 17.0;
				PRODUCT_BUNDLE_IDENTIFIER = com.gentlereminders.nudge.tests;
				PRODUCT_NAME = "$(TARGET_NAME)";
				SWIFT_VERSION = 5.0;
				TARGETED_DEVICE_FAMILY = 1;
				TEST_HOST = "$(BUILT_PRODUCTS_DIR)/NudgeApp.app/$(BUNDLE_EXECUTABLE_FOLDER_PATH)/NudgeApp";
			};
			name = Release;
		};
/* End XCBuildConfiguration section */

/* Begin XCConfigurationList section */
		AA11BB22CC33DD4400000002 /* Build configuration list for PBXProject "NudgeApp" */ = {
			isa = XCConfigurationList;
			buildConfigurations = (
				AA11BB22CC33DD4400000013A /* Debug */,
				AA11BB22CC33DD4400000014A /* Release */,
			);
			defaultConfigurationIsVisible = 0;
			defaultConfigurationName = Release;
		};
		AA11BB22CC33DD4400000004 /* Build configuration list for PBXNativeTarget "NudgeApp" */ = {
			isa = XCConfigurationList;
			buildConfigurations = (
				AA11BB22CC33DD4400000011A /* Debug */,
				AA11BB22CC33DD4400000012A /* Release */,
			);
			defaultConfigurationIsVisible = 0;
			defaultConfigurationName = Release;
		};
		AA11BB22CC33DD4400000097 /* Build configuration list for PBXNativeTarget "NudgeAppTests" */ = {
			isa = XCConfigurationList;
			buildConfigurations = (
				AA11BB22CC33DD4400000098 /* Debug */,
				AA11BB22CC33DD4400000099 /* Release */,
			);
			defaultConfigurationIsVisible = 0;
			defaultConfigurationName = Release;
		};
/* End XCConfigurationList section */
	};
	rootObject = AA11BB22CC33DD4400000001 /* Project object */;
}
